
Microsoft Visual Studio Solution File, Format Version 12.00
# Visual Studio Version 16
VisualStudioVersion = 25.0.1706.0
MinimumVisualStudioVersion = 10.0.40219.1
Project("{FAE04EC0-301F-11D3-BF4B-00C04F79EFBC}") = "MPXJ.Net", "MPXJ.Net\MPXJ.Net.csproj", "{5BEAE73E-00FB-4A3B-9497-4FC85B07E5E7}"
EndProject
Project("{FAE04EC0-301F-11D3-BF4B-00C04F79EFBC}") = "MPXJ.Net.Tests", "MPXJ.Net.Tests\MPXJ.Net.Tests.csproj", "{59E5E239-5A12-4CB3-AAF8-A5CE2766400B}"
EndProject
Global
	GlobalSection(SolutionConfigurationPlatforms) = preSolution
		Debug|Any CPU = Debug|Any CPU
		Release|Any CPU = Release|Any CPU
	EndGlobalSection
	GlobalSection(ProjectConfigurationPlatforms) = postSolution
		{5BEAE73E-00FB-4A3B-9497-4FC85B07E5E7}.Debug|Any CPU.ActiveCfg = Debug|Any CPU
		{5BEAE73E-00FB-4A3B-9497-4FC85B07E5E7}.Debug|Any CPU.Build.0 = Debug|Any CPU
		{5BEAE73E-00FB-4A3B-9497-4FC85B07E5E7}.Release|Any CPU.ActiveCfg = Release|Any CPU
		{5BEAE73E-00FB-4A3B-9497-4FC85B07E5E7}.Release|Any CPU.Build.0 = Release|Any CPU
		{59E5E239-5A12-4CB3-AAF8-A5CE2766400B}.Debug|Any CPU.ActiveCfg = Debug|Any CPU
		{59E5E239-5A12-4CB3-AAF8-A5CE2766400B}.Debug|Any CPU.Build.0 = Debug|Any CPU
		{59E5E239-5A12-4CB3-AAF8-A5CE2766400B}.Release|Any CPU.ActiveCfg = Release|Any CPU
		{59E5E239-5A12-4CB3-AAF8-A5CE2766400B}.Release|Any CPU.Build.0 = Release|Any CPU
	EndGlobalSection
	GlobalSection(SolutionProperties) = preSolution
		HideSolutionNode = FALSE
	EndGlobalSection
	GlobalSection(ExtensibilityGlobals) = postSolution
		SolutionGuid = {E9EAFBB3-6777-472E-A9F9-B80E5D78F92F}
	EndGlobalSection
	GlobalSection(MonoDevelopProperties) = preSolution
		Policies = $0
		$0.DotNetNamingPolicy = $1
		$1.DirectoryNamespaceAssociation = PrefixedHierarchical
		$0.TextStylePolicy = $2
		$2.inheritsSet = null
		$2.scope = text/x-csharp
		$0.CSharpFormattingPolicy = $3
		$3.scope = text/x-csharp
		$0.TextStylePolicy = $4
		$4.FileWidth = 80
		$4.TabsToSpaces = True
		$4.scope = text/plain
		$0.StandardHeader = $5
	EndGlobalSection
EndGlobal
